
Microsoft Visual Studio Solution File, Format Version 12.00
# Visual Studio 2012
Project("{FAE04EC0-301F-11D3-BF4B-00C04F79EFBC}") = "DataAccess.Core", "DataAccess.Core\DataAccess.Core.csproj", "{443D3247-F1E8-4843-91FB-0FB8E660D42F}"
EndProject
Project("{FAE04EC0-301F-11D3-BF4B-00C04F79EFBC}") = "DataAccess.Web", "DataAccess.Web\DataAccess.Web.csproj", "{98FE95D0-E503-4A25-824A-9594439A0262}"
EndProject
Global
	GlobalSection(SolutionConfigurationPlatforms) = preSolution
		Debug|Any CPU = Debug|Any CPU
		Release|Any CPU = Release|Any CPU
	EndGlobalSection
	GlobalSection(ProjectConfigurationPlatforms) = postSolution
		{443D3247-F1E8-4843-91FB-0FB8E660D42F}.Debug|Any CPU.ActiveCfg = Debug|Any CPU
		{443D3247-F1E8-4843-91FB-0FB8E660D42F}.Debug|Any CPU.Build.0 = Debug|Any CPU
		{443D3247-F1E8-4843-91FB-0FB8E660D42F}.Release|Any CPU.ActiveCfg = Release|Any CPU
		{443D3247-F1E8-4843-91FB-0FB8E660D42F}.Release|Any CPU.Build.0 = Release|Any CPU
		{98FE95D0-E503-4A25-824A-9594439A0262}.Debug|Any CPU.ActiveCfg = Debug|Any CPU
		{98FE95D0-E503-4A25-824A-9594439A0262}.Debug|Any CPU.Build.0 = Debug|Any CPU
		{98FE95D0-E503-4A25-824A-9594439A0262}.Release|Any CPU.ActiveCfg = Release|Any CPU
		{98FE95D0-E503-4A25-824A-9594439A0262}.Release|Any CPU.Build.0 = Release|Any CPU
	EndGlobalSection
	GlobalSection(SolutionProperties) = preSolution
		HideSolutionNode = FALSE
	EndGlobalSection
EndGlobal
